
Microsoft Visual Studio Solution File, Format Version 12.00
# Visual Studio Version 17
VisualStudioVersion = 17.9.34622.214
MinimumVisualStudioVersion = 10.0.40219.1
Project("{8BC9CEB8-8B4A-11D0-8D11-00A0C91BC942}") = "ProjectKTLT-23CLC03-Group12", "ProjectKTLT-23CLC03-Group12.vcxproj", "{A8CA0935-4783-4E50-B367-11D229B71B8C}"
EndProject
Global
	GlobalSection(SolutionConfigurationPlatforms) = preSolution
		Debug|x64 = Debug|x64
		Debug|x86 = Debug|x86
		Release|x64 = Release|x64
		Release|x86 = Release|x86
	EndGlobalSection
	GlobalSection(ProjectConfigurationPlatforms) = postSolution
		{A8CA0935-4783-4E50-B367-11D229B71B8C}.Debug|x64.ActiveCfg = Debug|x64
		{A8CA0935-4783-4E50-B367-11D229B71B8C}.Debug|x64.Build.0 = Debug|x64
		{A8CA0935-4783-4E50-B367-11D229B71B8C}.Debug|x86.ActiveCfg = Debug|Win32
		{A8CA0935-4783-4E50-B367-11D229B71B8C}.Debug|x86.Build.0 = Debug|Win32
		{A8CA0935-4783-4E50-B367-11D229B71B8C}.Release|x64.ActiveCfg = Release|x64
		{A8CA0935-4783-4E50-B367-11D229B71B8C}.Release|x64.Build.0 = Release|x64
		{A8CA0935-4783-4E50-B367-11D229B71B8C}.Release|x86.ActiveCfg = Release|Win32
		{A8CA0935-4783-4E50-B367-11D229B71B8C}.Release|x86.Build.0 = Release|Win32
	EndGlobalSection
	GlobalSection(SolutionProperties) = preSolution
		HideSolutionNode = FALSE
	EndGlobalSection
	GlobalSection(ExtensibilityGlobals) = postSolution
		SolutionGuid = {B4E5DEE8-9366-45AC-BF5A-FC85123690CD}
	EndGlobalSection
EndGlobal
